// !$*UTF8*$!
{
	archiveVersion = 1;
	classes = {
	};
	objectVersion = 50;
	objects = {

/* Begin PBXBuildFile section */
		AF2BC08F20F1D5BE00C1C451 /* PDDKit.framework in Frameworks */ = {isa = PBXBuildFile; fileRef = AF2BC08520F1D5BE00C1C451 /* PDDKit.framework */; };
		AF2BC09420F1D5BE00C1C451 /* PDDKitTests.swift in Sources */ = {isa = PBXBuildFile; fileRef = AF2BC09320F1D5BE00C1C451 /* PDDKitTests.swift */; };
		AF2BC09620F1D5BE00C1C451 /* PDDKit.h in Headers */ = {isa = PBXBuildFile; fileRef = AF2BC08820F1D5BE00C1C451 /* PDDKit.h */; settings = {ATTRIBUTES = (Public, ); }; };
		AF2BC0A020F1D9CA00C1C451 /* XCTestCase.swift in Sources */ = {isa = PBXBuildFile; fileRef = AF2BC09F20F1D9CA00C1C451 /* XCTestCase.swift */; };
		AF2BC0A220F1D9FC00C1C451 /* Window.swift in Sources */ = {isa = PBXBuildFile; fileRef = AF2BC0A120F1D9FC00C1C451 /* Window.swift */; };
		AF2BC0A420F1DA6900C1C451 /* UIView.swift in Sources */ = {isa = PBXBuildFile; fileRef = AF2BC0A320F1DA6900C1C451 /* UIView.swift */; };
		AF2BC0A620F1DAAB00C1C451 /* createTraitCollection.swift in Sources */ = {isa = PBXBuildFile; fileRef = AF2BC0A520F1DAAB00C1C451 /* createTraitCollection.swift */; };
		AF2BC0A820F1DAC200C1C451 /* createParent.swift in Sources */ = {isa = PBXBuildFile; fileRef = AF2BC0A720F1DAC200C1C451 /* createParent.swift */; };
		AF2BC0AB20F1DAE800C1C451 /* XCTest.framework in Frameworks */ = {isa = PBXBuildFile; fileRef = AF2BC0AA20F1DAE800C1C451 /* XCTest.framework */; };
/* End PBXBuildFile section */

/* Begin PBXContainerItemProxy section */
		AF2BC09020F1D5BE00C1C451 /* PBXContainerItemProxy */ = {
			isa = PBXContainerItemProxy;
			containerPortal = AF2BC07C20F1D5BE00C1C451 /* Project object */;
			proxyType = 1;
			remoteGlobalIDString = AF2BC08420F1D5BE00C1C451;
			remoteInfo = PDDKit;
		};
/* End PBXContainerItemProxy section */

/* Begin PBXFileReference section */
		AF2BC08520F1D5BE00C1C451 /* PDDKit.framework */ = {isa = PBXFileReference; explicitFileType = wrapper.framework; includeInIndex = 0; path = PDDKit.framework; sourceTree = BUILT_PRODUCTS_DIR; };
		AF2BC08820F1D5BE00C1C451 /* PDDKit.h */ = {isa = PBXFileReference; lastKnownFileType = sourcecode.c.h; path = PDDKit.h; sourceTree = "<group>"; };
		AF2BC08920F1D5BE00C1C451 /* Info.plist */ = {isa = PBXFileReference; lastKnownFileType = text.plist.xml; path = Info.plist; sourceTree = "<group>"; };
		AF2BC08E20F1D5BE00C1C451 /* PDDKitTests.xctest */ = {isa = PBXFileReference; explicitFileType = wrapper.cfbundle; includeInIndex = 0; path = PDDKitTests.xctest; sourceTree = BUILT_PRODUCTS_DIR; };
		AF2BC09320F1D5BE00C1C451 /* PDDKitTests.swift */ = {isa = PBXFileReference; lastKnownFileType = sourcecode.swift; path = PDDKitTests.swift; sourceTree = "<group>"; };
		AF2BC09520F1D5BE00C1C451 /* Info.plist */ = {isa = PBXFileReference; lastKnownFileType = text.plist.xml; path = Info.plist; sourceTree = "<group>"; };
		AF2BC09F20F1D9CA00C1C451 /* XCTestCase.swift */ = {isa = PBXFileReference; fileEncoding = 4; lastKnownFileType = sourcecode.swift; path = XCTestCase.swift; sourceTree = "<group>"; };
		AF2BC0A120F1D9FC00C1C451 /* Window.swift */ = {isa = PBXFileReference; fileEncoding = 4; lastKnownFileType = sourcecode.swift; path = Window.swift; sourceTree = "<group>"; };
		AF2BC0A320F1DA6900C1C451 /* UIView.swift */ = {isa = PBXFileReference; fileEncoding = 4; lastKnownFileType = sourcecode.swift; path = UIView.swift; sourceTree = "<group>"; };
		AF2BC0A520F1DAAB00C1C451 /* createTraitCollection.swift */ = {isa = PBXFileReference; fileEncoding = 4; lastKnownFileType = sourcecode.swift; path = createTraitCollection.swift; sourceTree = "<group>"; };
		AF2BC0A720F1DAC200C1C451 /* createParent.swift */ = {isa = PBXFileReference; fileEncoding = 4; lastKnownFileType = sourcecode.swift; path = createParent.swift; sourceTree = "<group>"; };
		AF2BC0AA20F1DAE800C1C451 /* XCTest.framework */ = {isa = PBXFileReference; lastKnownFileType = wrapper.framework; name = XCTest.framework; path = Platforms/iPhoneOS.platform/Developer/Library/Frameworks/XCTest.framework; sourceTree = DEVELOPER_DIR; };
/* End PBXFileReference section */

/* Begin PBXFrameworksBuildPhase section */
		AF2BC08120F1D5BE00C1C451 /* Frameworks */ = {
			isa = PBXFrameworksBuildPhase;
			buildActionMask = 2147483647;
			files = (
				AF2BC0AB20F1DAE800C1C451 /* XCTest.framework in Frameworks */,
			);
			runOnlyForDeploymentPostprocessing = 0;
		};
		AF2BC08B20F1D5BE00C1C451 /* Frameworks */ = {
			isa = PBXFrameworksBuildPhase;
			buildActionMask = 2147483647;
			files = (
				AF2BC08F20F1D5BE00C1C451 /* PDDKit.framework in Frameworks */,
			);
			runOnlyForDeploymentPostprocessing = 0;
		};
/* End PBXFrameworksBuildPhase section */

/* Begin PBXGroup section */
		AF2BC07B20F1D5BE00C1C451 = {
			isa = PBXGroup;
			children = (
				AF2BC08720F1D5BE00C1C451 /* PDDKit */,
				AF2BC09220F1D5BE00C1C451 /* PDDKitTests */,
				AF2BC08620F1D5BE00C1C451 /* Products */,
				AF2BC0A920F1DAE700C1C451 /* Frameworks */,
			);
			sourceTree = "<group>";
		};
		AF2BC08620F1D5BE00C1C451 /* Products */ = {
			isa = PBXGroup;
			children = (
				AF2BC08520F1D5BE00C1C451 /* PDDKit.framework */,
				AF2BC08E20F1D5BE00C1C451 /* PDDKitTests.xctest */,
			);
			name = Products;
			sourceTree = "<group>";
		};
		AF2BC08720F1D5BE00C1C451 /* PDDKit */ = {
			isa = PBXGroup;
			children = (
				AF2BC08820F1D5BE00C1C451 /* PDDKit.h */,
				AF2BC08920F1D5BE00C1C451 /* Info.plist */,
				AF2BC0A720F1DAC200C1C451 /* createParent.swift */,
				AF2BC0A520F1DAAB00C1C451 /* createTraitCollection.swift */,
				AF2BC0A320F1DA6900C1C451 /* UIView.swift */,
				AF2BC0A120F1D9FC00C1C451 /* Window.swift */,
				AF2BC09F20F1D9CA00C1C451 /* XCTestCase.swift */,
			);
			path = PDDKit;
			sourceTree = "<group>";
		};
		AF2BC09220F1D5BE00C1C451 /* PDDKitTests */ = {
			isa = PBXGroup;
			children = (
				AF2BC09320F1D5BE00C1C451 /* PDDKitTests.swift */,
				AF2BC09520F1D5BE00C1C451 /* Info.plist */,
			);
			path = PDDKitTests;
			sourceTree = "<group>";
		};
		AF2BC0A920F1DAE700C1C451 /* Frameworks */ = {
			isa = PBXGroup;
			children = (
				AF2BC0AA20F1DAE800C1C451 /* XCTest.framework */,
			);
			name = Frameworks;
			sourceTree = "<group>";
		};
/* End PBXGroup section */

/* Begin PBXHeadersBuildPhase section */
		AF2BC08220F1D5BE00C1C451 /* Headers */ = {
			isa = PBXHeadersBuildPhase;
			buildActionMask = 2147483647;
			files = (
				AF2BC09620F1D5BE00C1C451 /* PDDKit.h in Headers */,
			);
			runOnlyForDeploymentPostprocessing = 0;
		};
/* End PBXHeadersBuildPhase section */

/* Begin PBXNativeTarget section */
		AF2BC08420F1D5BE00C1C451 /* PDDKit */ = {
			isa = PBXNativeTarget;
			buildConfigurationList = AF2BC09920F1D5BE00C1C451 /* Build configuration list for PBXNativeTarget "PDDKit" */;
			buildPhases = (
				AF2BC08020F1D5BE00C1C451 /* Sources */,
				AF2BC08120F1D5BE00C1C451 /* Frameworks */,
				AF2BC08220F1D5BE00C1C451 /* Headers */,
				AF2BC08320F1D5BE00C1C451 /* Resources */,
			);
			buildRules = (
			);
			dependencies = (
			);
			name = PDDKit;
			productName = PDDKit;
			productReference = AF2BC08520F1D5BE00C1C451 /* PDDKit.framework */;
			productType = "com.apple.product-type.framework";
		};
		AF2BC08D20F1D5BE00C1C451 /* PDDKitTests */ = {
			isa = PBXNativeTarget;
			buildConfigurationList = AF2BC09C20F1D5BE00C1C451 /* Build configuration list for PBXNativeTarget "PDDKitTests" */;
			buildPhases = (
				AF2BC08A20F1D5BE00C1C451 /* Sources */,
				AF2BC08B20F1D5BE00C1C451 /* Frameworks */,
				AF2BC08C20F1D5BE00C1C451 /* Resources */,
			);
			buildRules = (
			);
			dependencies = (
				AF2BC09120F1D5BE00C1C451 /* PBXTargetDependency */,
			);
			name = PDDKitTests;
			productName = PDDKitTests;
			productReference = AF2BC08E20F1D5BE00C1C451 /* PDDKitTests.xctest */;
			productType = "com.apple.product-type.bundle.unit-test";
		};
/* End PBXNativeTarget section */

/* Begin PBXProject section */
		AF2BC07C20F1D5BE00C1C451 /* Project object */ = {
			isa = PBXProject;
			attributes = {
				LastSwiftUpdateCheck = 0940;
				LastUpgradeCheck = 0940;
				ORGANIZATIONNAME = "Henrik Lineholm";
				TargetAttributes = {
					AF2BC08420F1D5BE00C1C451 = {
						CreatedOnToolsVersion = 9.4.1;
					};
					AF2BC08D20F1D5BE00C1C451 = {
						CreatedOnToolsVersion = 9.4.1;
					};
				};
			};
			buildConfigurationList = AF2BC07F20F1D5BE00C1C451 /* Build configuration list for PBXProject "PDDKit" */;
			compatibilityVersion = "Xcode 9.3";
			developmentRegion = en;
			hasScannedForEncodings = 0;
			knownRegions = (
				en,
			);
			mainGroup = AF2BC07B20F1D5BE00C1C451;
			productRefGroup = AF2BC08620F1D5BE00C1C451 /* Products */;
			projectDirPath = "";
			projectRoot = "";
			targets = (
				AF2BC08420F1D5BE00C1C451 /* PDDKit */,
				AF2BC08D20F1D5BE00C1C451 /* PDDKitTests */,
			);
		};
/* End PBXProject section */

/* Begin PBXResourcesBuildPhase section */
		AF2BC08320F1D5BE00C1C451 /* Resources */ = {
			isa = PBXResourcesBuildPhase;
			buildActionMask = 2147483647;
			files = (
			);
			runOnlyForDeploymentPostprocessing = 0;
		};
		AF2BC08C20F1D5BE00C1C451 /* Resources */ = {
			isa = PBXResourcesBuildPhase;
			buildActionMask = 2147483647;
			files = (
			);
			runOnlyForDeploymentPostprocessing = 0;
		};
/* End PBXResourcesBuildPhase section */

/* Begin PBXSourcesBuildPhase section */
		AF2BC08020F1D5BE00C1C451 /* Sources */ = {
			isa = PBXSourcesBuildPhase;
			buildActionMask = 2147483647;
			files = (
				AF2BC0A020F1D9CA00C1C451 /* XCTestCase.swift in Sources */,
				AF2BC0A420F1DA6900C1C451 /* UIView.swift in Sources */,
				AF2BC0A620F1DAAB00C1C451 /* createTraitCollection.swift in Sources */,
				AF2BC0A820F1DAC200C1C451 /* createParent.swift in Sources */,
				AF2BC0A220F1D9FC00C1C451 /* Window.swift in Sources */,
			);
			runOnlyForDeploymentPostprocessing = 0;
		};
		AF2BC08A20F1D5BE00C1C451 /* Sources */ = {
			isa = PBXSourcesBuildPhase;
			buildActionMask = 2147483647;
			files = (
				AF2BC09420F1D5BE00C1C451 /* PDDKitTests.swift in Sources */,
			);
			runOnlyForDeploymentPostprocessing = 0;
		};
/* End PBXSourcesBuildPhase section */

/* Begin PBXTargetDependency section */
		AF2BC09120F1D5BE00C1C451 /* PBXTargetDependency */ = {
			isa = PBXTargetDependency;
			target = AF2BC08420F1D5BE00C1C451 /* PDDKit */;
			targetProxy = AF2BC09020F1D5BE00C1C451 /* PBXContainerItemProxy */;
		};
/* End PBXTargetDependency section */

/* Begin XCBuildConfiguration section */
		AF2BC09720F1D5BE00C1C451 /* Debug */ = {
			isa = XCBuildConfiguration;
			buildSettings = {
				ALWAYS_SEARCH_USER_PATHS = NO;
				CLANG_ANALYZER_NONNULL = YES;
				CLANG_ANALYZER_NUMBER_OBJECT_CONVERSION = YES_AGGRESSIVE;
				CLANG_CXX_LANGUAGE_STANDARD = "gnu++14";
				CLANG_CXX_LIBRARY = "libc++";
				CLANG_ENABLE_MODULES = YES;
				CLANG_ENABLE_OBJC_ARC = YES;
				CLANG_ENABLE_OBJC_WEAK = YES;
				CLANG_WARN_BLOCK_CAPTURE_AUTORELEASING = YES;
				CLANG_WARN_BOOL_CONVERSION = YES;
				CLANG_WARN_COMMA = YES;
				CLANG_WARN_CONSTANT_CONVERSION = YES;
				CLANG_WARN_DEPRECATED_OBJC_IMPLEMENTATIONS = YES;
				CLANG_WARN_DIRECT_OBJC_ISA_USAGE = YES_ERROR;
				CLANG_WARN_DOCUMENTATION_COMMENTS = YES;
				CLANG_WARN_EMPTY_BODY = YES;
				CLANG_WARN_ENUM_CONVERSION = YES;
				CLANG_WARN_INFINITE_RECURSION = YES;
				CLANG_WARN_INT_CONVERSION = YES;
				CLANG_WARN_NON_LITERAL_NULL_CONVERSION = YES;
				CLANG_WARN_OBJC_IMPLICIT_RETAIN_SELF = YES;
				CLANG_WARN_OBJC_LITERAL_CONVERSION = YES;
				CLANG_WARN_OBJC_ROOT_CLASS = YES_ERROR;
				CLANG_WARN_RANGE_LOOP_ANALYSIS = YES;
				CLANG_WARN_STRICT_PROTOTYPES = YES;
				CLANG_WARN_SUSPICIOUS_MOVE = YES;
				CLANG_WARN_UNGUARDED_AVAILABILITY = YES_AGGRESSIVE;
				CLANG_WARN_UNREACHABLE_CODE = YES;
				CLANG_WARN__DUPLICATE_METHOD_MATCH = YES;
				CODE_SIGN_IDENTITY = "iPhone Developer";
				COPY_PHASE_STRIP = NO;
				CURRENT_PROJECT_VERSION = 1;
				DEBUG_INFORMATION_FORMAT = dwarf;
				ENABLE_STRICT_OBJC_MSGSEND = YES;
				ENABLE_TESTABILITY = YES;
				GCC_C_LANGUAGE_STANDARD = gnu11;
				GCC_DYNAMIC_NO_PIC = NO;
				GCC_NO_COMMON_BLOCKS = YES;
				GCC_OPTIMIZATION_LEVEL = 0;
				GCC_PREPROCESSOR_DEFINITIONS = (
					"DEBUG=1",
					"$(inherited)",
				);
				GCC_WARN_64_TO_32_BIT_CONVERSION = YES;
				GCC_WARN_ABOUT_RETURN_TYPE = YES_ERROR;
				GCC_WARN_UNDECLARED_SELECTOR = YES;
				GCC_WARN_UNINITIALIZED_AUTOS = YES_AGGRESSIVE;
				GCC_WARN_UNUSED_FUNCTION = YES;
				GCC_WARN_UNUSED_VARIABLE = YES;
				IPHONEOS_DEPLOYMENT_TARGET = 11.4;
				MTL_ENABLE_DEBUG_INFO = YES;
				ONLY_ACTIVE_ARCH = YES;
				SDKROOT = iphoneos;
				SWIFT_ACTIVE_COMPILATION_CONDITIONS = DEBUG;
				SWIFT_OPTIMIZATION_LEVEL = "-Onone";
				VERSIONING_SYSTEM = "apple-generic";
				VERSION_INFO_PREFIX = "";
			};
			name = Debug;
		};
		AF2BC09820F1D5BE00C1C451 /* Release */ = {
			isa = XCBuildConfiguration;
			buildSettings = {
				ALWAYS_SEARCH_USER_PATHS = NO;
				CLANG_ANALYZER_NONNULL = YES;
				CLANG_ANALYZER_NUMBER_OBJECT_CONVERSION = YES_AGGRESSIVE;
				CLANG_CXX_LANGUAGE_STANDARD = "gnu++14";
				CLANG_CXX_LIBRARY = "libc++";
				CLANG_ENABLE_MODULES = YES;
				CLANG_ENABLE_OBJC_ARC = YES;
				CLANG_ENABLE_OBJC_WEAK = YES;
				CLANG_WARN_BLOCK_CAPTURE_AUTORELEASING = YES;
				CLANG_WARN_BOOL_CONVERSION = YES;
				CLANG_WARN_COMMA = YES;
				CLANG_WARN_CONSTANT_CONVERSION = YES;
				CLANG_WARN_DEPRECATED_OBJC_IMPLEMENTATIONS = YES;
				CLANG_WARN_DIRECT_OBJC_ISA_USAGE = YES_ERROR;
				CLANG_WARN_DOCUMENTATION_COMMENTS = YES;
				CLANG_WARN_EMPTY_BODY = YES;
				CLANG_WARN_ENUM_CONVERSION = YES;
				CLANG_WARN_INFINITE_RECURSION = YES;
				CLANG_WARN_INT_CONVERSION = YES;
				CLANG_WARN_NON_LITERAL_NULL_CONVERSION = YES;
				CLANG_WARN_OBJC_IMPLICIT_RETAIN_SELF = YES;
				CLANG_WARN_OBJC_LITERAL_CONVERSION = YES;
				CLANG_WARN_OBJC_ROOT_CLASS = YES_ERROR;
				CLANG_WARN_RANGE_LOOP_ANALYSIS = YES;
				CLANG_WARN_STRICT_PROTOTYPES = YES;
				CLANG_WARN_SUSPICIOUS_MOVE = YES;
				CLANG_WARN_UNGUARDED_AVAILABILITY = YES_AGGRESSIVE;
				CLANG_WARN_UNREACHABLE_CODE = YES;
				CLANG_WARN__DUPLICATE_METHOD_MATCH = YES;
				CODE_SIGN_IDENTITY = "iPhone Developer";
				COPY_PHASE_STRIP = NO;
				CURRENT_PROJECT_VERSION = 1;
				DEBUG_INFORMATION_FORMAT = "dwarf-with-dsym";
				ENABLE_NS_ASSERTIONS = NO;
				ENABLE_STRICT_OBJC_MSGSEND = YES;
				GCC_C_LANGUAGE_STANDARD = gnu11;
				GCC_NO_COMMON_BLOCKS = YES;
				GCC_WARN_64_TO_32_BIT_CONVERSION = YES;
				GCC_WARN_ABOUT_RETURN_TYPE = YES_ERROR;
				GCC_WARN_UNDECLARED_SELECTOR = YES;
				GCC_WARN_UNINITIALIZED_AUTOS = YES_AGGRESSIVE;
				GCC_WARN_UNUSED_FUNCTION = YES;
				GCC_WARN_UNUSED_VARIABLE = YES;
				IPHONEOS_DEPLOYMENT_TARGET = 11.4;
				MTL_ENABLE_DEBUG_INFO = NO;
				SDKROOT = iphoneos;
				SWIFT_COMPILATION_MODE = wholemodule;
				SWIFT_OPTIMIZATION_LEVEL = "-O";
				VALIDATE_PRODUCT = YES;
				VERSIONING_SYSTEM = "apple-generic";
				VERSION_INFO_PREFIX = "";
			};
			name = Release;
		};
		AF2BC09A20F1D5BE00C1C451 /* Debug */ = {
			isa = XCBuildConfiguration;
			buildSettings = {
				CODE_SIGN_IDENTITY = "";
				CODE_SIGN_STYLE = Automatic;
				DEFINES_MODULE = YES;
				DYLIB_COMPATIBILITY_VERSION = 1;
				DYLIB_CURRENT_VERSION = 1;
				DYLIB_INSTALL_NAME_BASE = "@rpath";
				FRAMEWORK_SEARCH_PATHS = "$(PLATFORM_DIR)/Developer/Library/Frameworks";
				INFOPLIST_FILE = PDDKit/Info.plist;
				INSTALL_PATH = "$(LOCAL_LIBRARY_DIR)/Frameworks";
				LD_RUNPATH_SEARCH_PATHS = (
					"$(inherited)",
					"@executable_path/Frameworks",
					"@loader_path/Frameworks",
				);
				PRODUCT_BUNDLE_IDENTIFIER = se.henriklineholm.PDDKit;
				PRODUCT_NAME = "$(TARGET_NAME:c99extidentifier)";
				SKIP_INSTALL = YES;
				SWIFT_VERSION = 4.0;
				TARGETED_DEVICE_FAMILY = "1,2";
			};
			name = Debug;
		};
		AF2BC09B20F1D5BE00C1C451 /* Release */ = {
			isa = XCBuildConfiguration;
			buildSettings = {
				CODE_SIGN_IDENTITY = "";
				CODE_SIGN_STYLE = Automatic;
				DEFINES_MODULE = YES;
				DYLIB_COMPATIBILITY_VERSION = 1;
				DYLIB_CURRENT_VERSION = 1;
				DYLIB_INSTALL_NAME_BASE = "@rpath";
				FRAMEWORK_SEARCH_PATHS = "$(PLATFORM_DIR)/Developer/Library/Frameworks";
				INFOPLIST_FILE = PDDKit/Info.plist;
				INSTALL_PATH = "$(LOCAL_LIBRARY_DIR)/Frameworks";
				LD_RUNPATH_SEARCH_PATHS = (
					"$(inherited)",
					"@executable_path/Frameworks",
					"@loader_path/Frameworks",
				);
				PRODUCT_BUNDLE_IDENTIFIER = se.henriklineholm.PDDKit;
				PRODUCT_NAME = "$(TARGET_NAME:c99extidentifier)";
				SKIP_INSTALL = YES;
				SWIFT_VERSION = 4.0;
				TARGETED_DEVICE_FAMILY = "1,2";
			};
			name = Release;
		};
		AF2BC09D20F1D5BE00C1C451 /* Debug */ = {
			isa = XCBuildConfiguration;
			buildSettings = {
				ALWAYS_EMBED_SWIFT_STANDARD_LIBRARIES = YES;
				CODE_SIGN_STYLE = Automatic;
				INFOPLIST_FILE = PDDKitTests/Info.plist;
				LD_RUNPATH_SEARCH_PATHS = (
					"$(inherited)",
					"@executable_path/Frameworks",
					"@loader_path/Frameworks",
				);
				PRODUCT_BUNDLE_IDENTIFIER = se.henriklineholm.PDDKitTests;
				PRODUCT_NAME = "$(TARGET_NAME)";
				SWIFT_VERSION = 4.0;
				TARGETED_DEVICE_FAMILY = "1,2";
			};
			name = Debug;
		};
		AF2BC09E20F1D5BE00C1C451 /* Release */ = {
			isa = XCBuildConfiguration;
			buildSettings = {
				ALWAYS_EMBED_SWIFT_STANDARD_LIBRARIES = YES;
				CODE_SIGN_STYLE = Automatic;
				INFOPLIST_FILE = PDDKitTests/Info.plist;
				LD_RUNPATH_SEARCH_PATHS = (
					"$(inherited)",
					"@executable_path/Frameworks",
					"@loader_path/Frameworks",
				);
				PRODUCT_BUNDLE_IDENTIFIER = se.henriklineholm.PDDKitTests;
				PRODUCT_NAME = "$(TARGET_NAME)";
				SWIFT_VERSION = 4.0;
				TARGETED_DEVICE_FAMILY = "1,2";
			};
			name = Release;
		};
/* End XCBuildConfiguration section */

/* Begin XCConfigurationList section */
		AF2BC07F20F1D5BE00C1C451 /* Build configuration list for PBXProject "PDDKit" */ = {
			isa = XCConfigurationList;
			buildConfigurations = (
				AF2BC09720F1D5BE00C1C451 /* Debug */,
				AF2BC09820F1D5BE00C1C451 /* Release */,
			);
			defaultConfigurationIsVisible = 0;
			defaultConfigurationName = Release;
		};
		AF2BC09920F1D5BE00C1C451 /* Build configuration list for PBXNativeTarget "PDDKit" */ = {
			isa = XCConfigurationList;
			buildConfigurations = (
				AF2BC09A20F1D5BE00C1C451 /* Debug */,
				AF2BC09B20F1D5BE00C1C451 /* Release */,
			);
			defaultConfigurationIsVisible = 0;
			defaultConfigurationName = Release;
		};
		AF2BC09C20F1D5BE00C1C451 /* Build configuration list for PBXNativeTarget "PDDKitTests" */ = {
			isa = XCConfigurationList;
			buildConfigurations = (
				AF2BC09D20F1D5BE00C1C451 /* Debug */,
				AF2BC09E20F1D5BE00C1C451 /* Release */,
			);
			defaultConfigurationIsVisible = 0;
			defaultConfigurationName = Release;
		};
/* End XCConfigurationList section */
	};
	rootObject = AF2BC07C20F1D5BE00C1C451 /* Project object */;
}
